
Microsoft Visual Studio Solution File, Format Version 12.00
# Visual Studio Version 16
VisualStudioVersion = 16.0.31424.327
MinimumVisualStudioVersion = 10.0.40219.1
Project("{8BC9CEB8-8B4A-11D0-8D11-00A0C91BC942}") = "2021_08_12", "2021_08_12\2021_08_12.vcxproj", "{0635759C-78DB-4A71-A203-41B2E0EF22B5}"
EndProject
Global
	GlobalSection(SolutionConfigurationPlatforms) = preSolution
		Debug|x64 = Debug|x64
		Debug|x86 = Debug|x86
		Release|x64 = Release|x64
		Release|x86 = Release|x86
	EndGlobalSection
	GlobalSection(ProjectConfigurationPlatforms) = postSolution
		{0635759C-78DB-4A71-A203-41B2E0EF22B5}.Debug|x64.ActiveCfg = Debug|x64
		{0635759C-78DB-4A71-A203-41B2E0EF22B5}.Debug|x64.Build.0 = Debug|x64
		{0635759C-78DB-4A71-A203-41B2E0EF22B5}.Debug|x86.ActiveCfg = Debug|Win32
		{0635759C-78DB-4A71-A203-41B2E0EF22B5}.Debug|x86.Build.0 = Debug|Win32
		{0635759C-78DB-4A71-A203-41B2E0EF22B5}.Release|x64.ActiveCfg = Release|x64
		{0635759C-78DB-4A71-A203-41B2E0EF22B5}.Release|x64.Build.0 = Release|x64
		{0635759C-78DB-4A71-A203-41B2E0EF22B5}.Release|x86.ActiveCfg = Release|Win32
		{0635759C-78DB-4A71-A203-41B2E0EF22B5}.Release|x86.Build.0 = Release|Win32
	EndGlobalSection
	GlobalSection(SolutionProperties) = preSolution
		HideSolutionNode = FALSE
	EndGlobalSection
	GlobalSection(ExtensibilityGlobals) = postSolution
		SolutionGuid = {1ECE9A22-5B15-42A2-9CB4-AFC70BC4066B}
	EndGlobalSection
EndGlobal
